# This file is automatically @generated by Poetry 1.7.1 and should not be changed by hand.

[[package]]
name = "dbus-python"
version = "1.3.2"
description = "Python bindings for libdbus"
optional = false
python-versions = ">=3.7"
files = [
    {file = "dbus-python-1.3.2.tar.gz", hash = "sha256:ad67819308618b5069537be237f8e68ca1c7fcc95ee4a121fe6845b1418248f8"},
]

[package.extras]
doc = ["sphinx", "sphinx_rtd_theme"]
test = ["tap.py"]

[[package]]
name = "winrt-runtime"
version = "2.0.0b2"
description = "Python projection of Windows Runtime (WinRT) APIs"
optional = false
python-versions = "<3.13,>=3.9"
files = [
    {file = "winrt-runtime-2.0.0b2.tar.gz", hash = "sha256:4c26452a575a8c99e7c364e0ff74bf956b0960b15ec563ad99f84eb010fd12d1"},
    {file = "winrt_runtime-2.0.0b2-cp310-cp310-win32.whl", hash = "sha256:a3fdee98bb562bb0cdf196ed35ef2a55cbd42ab6fc7b51fd16e5b27b48f458dd"},
    {file = "winrt_runtime-2.0.0b2-cp310-cp310-win_amd64.whl", hash = "sha256:b6b30b7f1735e4bc6f957b18fd17415aefda33a3b6a7b4fea3e41042f0455485"},
    {file = "winrt_runtime-2.0.0b2-cp310-cp310-win_arm64.whl", hash = "sha256:08f05ba11165b340d0c860f5d15deafc21d0d04421d7fcca3eb62e9142732460"},
    {file = "winrt_runtime-2.0.0b2-cp311-cp311-win32.whl", hash = "sha256:d9492a8e728c9f281df2133fc43909ced72f5e2b96f8b4530af0111e43d9b32f"},
    {file = "winrt_runtime-2.0.0b2-cp311-cp311-win_amd64.whl", hash = "sha256:2fbb36346fd2a0e3ff7fa811978ee208f0cddad039ae43e37d4c5ea3eb15683a"},
    {file = "winrt_runtime-2.0.0b2-cp311-cp311-win_arm64.whl", hash = "sha256:6fdeadca7b22d2c3e7127a316aad787db8e58d457e962be8407e4c5bbcd52b30"},
    {file = "winrt_runtime-2.0.0b2-cp312-cp312-win32.whl", hash = "sha256:8ef7ec649fe9c901e4b445c679961fcaf4dfaf72b21be06032dab7c8d746eb4e"},
    {file = "winrt_runtime-2.0.0b2-cp312-cp312-win_amd64.whl", hash = "sha256:388b7975b6837ac6a1008ce1e2714c283d29a578963b805cdf44f059373c3ed9"},
    {file = "winrt_runtime-2.0.0b2-cp312-cp312-win_arm64.whl", hash = "sha256:67823f10481467ad9e17eb76e5b34ba2e99aa8f34cd0f55de7acaf434583e9e0"},
    {file = "winrt_runtime-2.0.0b2-cp39-cp39-win32.whl", hash = "sha256:eb1c35022c94fdc29e2ffaf713574868c15fdbae8d63cd38d2d30be4dd6f429a"},
    {file = "winrt_runtime-2.0.0b2-cp39-cp39-win_amd64.whl", hash = "sha256:e8ada651f1f82ef3b9218edc716b52ef627059a457ca5e5d46611fa06124123a"},
    {file = "winrt_runtime-2.0.0b2-cp39-cp39-win_arm64.whl", hash = "sha256:0f103151f7c9add72bc0916b4c75d96650ef15448be8d14178943650567dca98"},
]

[[package]]
name = "winrt-windows-media"
version = "2.0.0b2"
description = "Python projection of Windows Runtime (WinRT) APIs"
optional = false
python-versions = "<3.13,>=3.9"
files = [
    {file = "winrt-Windows.Media-2.0.0b2.tar.gz", hash = "sha256:0f1b938390f2f319e30f0b6be14bf864477b5540d429e3c8329da5be55712b7f"},
    {file = "winrt_Windows.Media-2.0.0b2-cp310-cp310-win32.whl", hash = "sha256:098ce41c71afb176417a0295090d5b4b8346c1d732d45e385e271679a8b5f049"},
    {file = "winrt_Windows.Media-2.0.0b2-cp310-cp310-win_amd64.whl", hash = "sha256:46f02540c7b5ffb48cb771613580bde4e037f0679ec2a8de7a7698496335ec96"},
    {file = "winrt_Windows.Media-2.0.0b2-cp310-cp310-win_arm64.whl", hash = "sha256:e2f4d41b14979ac9e8cc9d7297528156b20a57521dda5e0d73a1b414ba106a37"},
    {file = "winrt_Windows.Media-2.0.0b2-cp311-cp311-win32.whl", hash = "sha256:1a9d9bf5f97b6ed7a59e241bdfbb520064ee9c94c54ebe2f4a6ec9d942cab739"},
    {file = "winrt_Windows.Media-2.0.0b2-cp311-cp311-win_amd64.whl", hash = "sha256:da36a954a0227706f5aaa49b7b38c0447d2729551cb38a6ca66c8ce6cc41e44c"},
    {file = "winrt_Windows.Media-2.0.0b2-cp311-cp311-win_arm64.whl", hash = "sha256:d6defd86bbefa78093bc778e88e4f5652f0f7e9a8729e342814b2826bd08bb4f"},
    {file = "winrt_Windows.Media-2.0.0b2-cp312-cp312-win32.whl", hash = "sha256:6c5a03639f3ed21a00cf6a7175a902627edce9ae6cb48ffec645d033e9fde004"},
    {file = "winrt_Windows.Media-2.0.0b2-cp312-cp312-win_amd64.whl", hash = "sha256:c4d69b18cb32c50b5acd0c4244a2765e1bff7d810ce383d5d7d92f89653b5ac8"},
    {file = "winrt_Windows.Media-2.0.0b2-cp312-cp312-win_arm64.whl", hash = "sha256:266be506849e1a585028e1b47cfbe0205c52eb3d718e5acc7d2d06fa8727b419"},
    {file = "winrt_Windows.Media-2.0.0b2-cp39-cp39-win32.whl", hash = "sha256:96dffb7827b6d02122e0c7d2c67d532a88898fa48ec5fb437a95c12000789ab4"},
    {file = "winrt_Windows.Media-2.0.0b2-cp39-cp39-win_amd64.whl", hash = "sha256:8d9bca67efba38b9184e3b154a72bef795d0c45bd02324ce4fa8b4518fd946d8"},
    {file = "winrt_Windows.Media-2.0.0b2-cp39-cp39-win_arm64.whl", hash = "sha256:e6b0c8ffd089b9c23bcd308164452d6df87235da1a87eaf2dc980e1ca04cfbdc"},
]

[package.dependencies]
winrt-runtime = "2.0.0-beta.2"

[package.extras]
all = ["winrt-Windows.ApplicationModel.AppService[all] (==2.0.0-beta.2)", "winrt-Windows.Foundation.Collections[all] (==2.0.0-beta.2)", "winrt-Windows.Foundation[all] (==2.0.0-beta.2)", "winrt-Windows.Graphics.DirectX.Direct3D11[all] (==2.0.0-beta.2)", "winrt-Windows.Graphics.DirectX[all] (==2.0.0-beta.2)", "winrt-Windows.Graphics.Imaging[all] (==2.0.0-beta.2)", "winrt-Windows.Storage.Streams[all] (==2.0.0-beta.2)", "winrt-Windows.Storage[all] (==2.0.0-beta.2)"]

[[package]]
name = "winrt-windows-media-control"
version = "2.0.0b2"
description = "Python projection of Windows Runtime (WinRT) APIs"
optional = false
python-versions = "<3.13,>=3.9"
files = [
    {file = "winrt-Windows.Media.Control-2.0.0b2.tar.gz", hash = "sha256:d7b4f76d5e40f194938a1ae5731f27c4eaf2a00cb7606d8307f9aafe353056b6"},
    {file = "winrt_Windows.Media.Control-2.0.0b2-cp310-cp310-win32.whl", hash = "sha256:7cffe46c535c55a9a5078eadd2dc463adc0ca28545fb47380a4633847b434e66"},
    {file = "winrt_Windows.Media.Control-2.0.0b2-cp310-cp310-win_amd64.whl", hash = "sha256:de3cf69c427d53241823759188f9c866eabec0d10aded01f7322ef039dc697eb"},
    {file = "winrt_Windows.Media.Control-2.0.0b2-cp310-cp310-win_arm64.whl", hash = "sha256:82988a78cca1fb63c3ebac7eadf95727347dd20e75611f7ff2e1eb7805c1f24e"},
    {file = "winrt_Windows.Media.Control-2.0.0b2-cp311-cp311-win32.whl", hash = "sha256:8d0312502502fda4d1c86ee2e32cc52fa1e3c31518d1ef150bbfcffe1fcc2106"},
    {file = "winrt_Windows.Media.Control-2.0.0b2-cp311-cp311-win_amd64.whl", hash = "sha256:f05801dd0887a06d7fe55e3e8d451a742b7e1c16e64491b428787ba992e5666e"},
    {file = "winrt_Windows.Media.Control-2.0.0b2-cp311-cp311-win_arm64.whl", hash = "sha256:c2f4818af3e2e34e95c305f47cb054f81826b57858efe7983372e11d3e352bf2"},
    {file = "winrt_Windows.Media.Control-2.0.0b2-cp312-cp312-win32.whl", hash = "sha256:90c9a8fcbaa37abfde9d828e084e7bd76e6885b42cdd583447a1af5fbafc928c"},
    {file = "winrt_Windows.Media.Control-2.0.0b2-cp312-cp312-win_amd64.whl", hash = "sha256:c87d5e0e577370c438f91209b18fa19bb2f31b6e37c8e34d6f77abd1ad2014e2"},
    {file = "winrt_Windows.Media.Control-2.0.0b2-cp312-cp312-win_arm64.whl", hash = "sha256:18bc1554f3a90fc5fb2062ece1bc03b9b96255d7a27f3afb1728be3bf3650ce9"},
    {file = "winrt_Windows.Media.Control-2.0.0b2-cp39-cp39-win32.whl", hash = "sha256:143576fa46b0a884fb42c2ced245ae2c8bdb05f85d113af47687677fba35bee3"},
    {file = "winrt_Windows.Media.Control-2.0.0b2-cp39-cp39-win_amd64.whl", hash = "sha256:c2b367d593cdb7bfb3bce6ed16f2c3f02ba00ddc4fbb64546b450f30a86b39ae"},
    {file = "winrt_Windows.Media.Control-2.0.0b2-cp39-cp39-win_arm64.whl", hash = "sha256:0e5e1bfd6723689d78124f254cd507a4601eacc449f2198ba1cf3e51f7754892"},
]

[package.dependencies]
winrt-runtime = "2.0.0-beta.2"

[package.extras]
all = ["winrt-Windows.Foundation.Collections[all] (==2.0.0-beta.2)", "winrt-Windows.Foundation[all] (==2.0.0-beta.2)", "winrt-Windows.Media[all] (==2.0.0-beta.2)", "winrt-Windows.Storage.Streams[all] (==2.0.0-beta.2)"]

[[package]]
name = "winrt-windows-storage-streams"
version = "2.0.0b2"
description = "Python projection of Windows Runtime (WinRT) APIs"
optional = false
python-versions = "<3.13,>=3.9"
files = [
    {file = "winrt-Windows.Storage.Streams-2.0.0b2.tar.gz", hash = "sha256:38b6e53d5eb8ffc714bf7f9a536badd818b773368a077486d68d180c1826338b"},
    {file = "winrt_Windows.Storage.Streams-2.0.0b2-cp310-cp310-win32.whl", hash = "sha256:4e079d49e2e6814f0344b96f789733b3c281600da8cee04147bde212926f03b1"},
    {file = "winrt_Windows.Storage.Streams-2.0.0b2-cp310-cp310-win_amd64.whl", hash = "sha256:5ab12bc9eb017769c713e87531b1459e4cea653aabdc476eba0610148d8b6253"},
    {file = "winrt_Windows.Storage.Streams-2.0.0b2-cp310-cp310-win_arm64.whl", hash = "sha256:d151a5da842f2d37f33ee615aec735fc75168a66e05cb5b627a1ac57f8d6df5a"},
    {file = "winrt_Windows.Storage.Streams-2.0.0b2-cp311-cp311-win32.whl", hash = "sha256:0c8a18a5d814359860fe2aa4621d333b0670749ae720bd84c16758d7f24d35a0"},
    {file = "winrt_Windows.Storage.Streams-2.0.0b2-cp311-cp311-win_amd64.whl", hash = "sha256:e91b2a63fc967fe5295f547479340d8f5c0976204c0cc706e2decbbc93af475a"},
    {file = "winrt_Windows.Storage.Streams-2.0.0b2-cp311-cp311-win_arm64.whl", hash = "sha256:c9810c5ecc3d61a7fc1a4846b77e5bf74050ebf34dad6b12e3b54fa11d780636"},
    {file = "winrt_Windows.Storage.Streams-2.0.0b2-cp312-cp312-win32.whl", hash = "sha256:79919445e47390a908cb264f7555deb112557c4bf4cd9849dcbfaac80fe467fd"},
    {file = "winrt_Windows.Storage.Streams-2.0.0b2-cp312-cp312-win_amd64.whl", hash = "sha256:0f9980cb98b3dc9d5f5d5386a6f805289ee681465a74efa729ceb49fa261ed4d"},
    {file = "winrt_Windows.Storage.Streams-2.0.0b2-cp312-cp312-win_arm64.whl", hash = "sha256:772bfadd39b16d40aeb2acfbbaa401ca2422a6b5cccf5f5649fe89c867198c59"},
    {file = "winrt_Windows.Storage.Streams-2.0.0b2-cp39-cp39-win32.whl", hash = "sha256:7b75d410ecfe68e5013bb9dcb625c1242249b5dd59c36402f8b9af396f18aa1f"},
    {file = "winrt_Windows.Storage.Streams-2.0.0b2-cp39-cp39-win_amd64.whl", hash = "sha256:b519011d789026ac87021f224aa975638f17d897b21fcaabf5e37ab61f784813"},
    {file = "winrt_Windows.Storage.Streams-2.0.0b2-cp39-cp39-win_arm64.whl", hash = "sha256:92e3c1070afde370c8769237a0537c1d94cff3f287994a002c25c4055e62e452"},
]

[package.dependencies]
winrt-runtime = "2.0.0-beta.2"

[package.extras]
all = ["winrt-Windows.Foundation.Collections[all] (==2.0.0-beta.2)", "winrt-Windows.Foundation[all] (==2.0.0-beta.2)", "winrt-Windows.Storage[all] (==2.0.0-beta.2)", "winrt-Windows.System[all] (==2.0.0-beta.2)"]

[metadata]
lock-version = "2.0"
python-versions = "<3.13,>=3.10"
content-hash = "d7ef941cf3d2fffd48b73489104aa5279d1fee6c2664b647543bb0a2132f7411"
